
Microsoft Visual Studio Solution File, Format Version 12.00
# Visual Studio Version 16
VisualStudioVersion = 16.0.31424.327
MinimumVisualStudioVersion = 10.0.40219.1
Project("{9A19103F-16F7-4668-BE54-9A1E7A4F7556}") = "ClassBoxData", "01. Class Box Data\ClassBoxData.csproj", "{1CEDE8B7-DA72-48AF-8CEA-F01CD2F420CA}"
EndProject
Project("{9A19103F-16F7-4668-BE54-9A1E7A4F7556}") = "AnimalFarm", "02. Animal Farm_Skeleton\AnimalFarm\AnimalFarm\AnimalFarm.csproj", "{2D7BA676-166A-4CD9-8CFF-89104C301A28}"
EndProject
Project("{9A19103F-16F7-4668-BE54-9A1E7A4F7556}") = "05FootballTeamGenerator", "05. Football Team Generator\05FootballTeamGenerator.csproj", "{10E6CB5B-7FA5-4E48-89C6-625A9833B514}"
EndProject
Project("{9A19103F-16F7-4668-BE54-9A1E7A4F7556}") = "PizzaCalories", "PizzaCalories\PizzaCalories.csproj", "{76E9369C-4A96-4220-BD0B-862C2CB09136}"
EndProject
Project("{FAE04EC0-301F-11D3-BF4B-00C04F79EFBC}") = "ShoppingSpree", "ShoppingSpree\ShoppingSpree.csproj", "{2F79473C-8E82-44CE-A2E4-01BB4FFAD9A6}"
EndProject
Global
	GlobalSection(SolutionConfigurationPlatforms) = preSolution
		Debug|Any CPU = Debug|Any CPU
		Release|Any CPU = Release|Any CPU
	EndGlobalSection
	GlobalSection(ProjectConfigurationPlatforms) = postSolution
		{1CEDE8B7-DA72-48AF-8CEA-F01CD2F420CA}.Debug|Any CPU.ActiveCfg = Debug|Any CPU
		{1CEDE8B7-DA72-48AF-8CEA-F01CD2F420CA}.Debug|Any CPU.Build.0 = Debug|Any CPU
		{1CEDE8B7-DA72-48AF-8CEA-F01CD2F420CA}.Release|Any CPU.ActiveCfg = Release|Any CPU
		{1CEDE8B7-DA72-48AF-8CEA-F01CD2F420CA}.Release|Any CPU.Build.0 = Release|Any CPU
		{2D7BA676-166A-4CD9-8CFF-89104C301A28}.Debug|Any CPU.ActiveCfg = Debug|Any CPU
		{2D7BA676-166A-4CD9-8CFF-89104C301A28}.Debug|Any CPU.Build.0 = Debug|Any CPU
		{2D7BA676-166A-4CD9-8CFF-89104C301A28}.Release|Any CPU.ActiveCfg = Release|Any CPU
		{2D7BA676-166A-4CD9-8CFF-89104C301A28}.Release|Any CPU.Build.0 = Release|Any CPU
		{10E6CB5B-7FA5-4E48-89C6-625A9833B514}.Debug|Any CPU.ActiveCfg = Debug|Any CPU
		{10E6CB5B-7FA5-4E48-89C6-625A9833B514}.Debug|Any CPU.Build.0 = Debug|Any CPU
		{10E6CB5B-7FA5-4E48-89C6-625A9833B514}.Release|Any CPU.ActiveCfg = Release|Any CPU
		{10E6CB5B-7FA5-4E48-89C6-625A9833B514}.Release|Any CPU.Build.0 = Release|Any CPU
		{76E9369C-4A96-4220-BD0B-862C2CB09136}.Debug|Any CPU.ActiveCfg = Debug|Any CPU
		{76E9369C-4A96-4220-BD0B-862C2CB09136}.Debug|Any CPU.Build.0 = Debug|Any CPU
		{76E9369C-4A96-4220-BD0B-862C2CB09136}.Release|Any CPU.ActiveCfg = Release|Any CPU
		{76E9369C-4A96-4220-BD0B-862C2CB09136}.Release|Any CPU.Build.0 = Release|Any CPU
		{2F79473C-8E82-44CE-A2E4-01BB4FFAD9A6}.Debug|Any CPU.ActiveCfg = Debug|Any CPU
		{2F79473C-8E82-44CE-A2E4-01BB4FFAD9A6}.Debug|Any CPU.Build.0 = Debug|Any CPU
		{2F79473C-8E82-44CE-A2E4-01BB4FFAD9A6}.Release|Any CPU.ActiveCfg = Release|Any CPU
		{2F79473C-8E82-44CE-A2E4-01BB4FFAD9A6}.Release|Any CPU.Build.0 = Release|Any CPU
	EndGlobalSection
	GlobalSection(SolutionProperties) = preSolution
		HideSolutionNode = FALSE
	EndGlobalSection
	GlobalSection(ExtensibilityGlobals) = postSolution
		SolutionGuid = {B04894F2-D743-4FEE-9992-B6EAD524FD13}
	EndGlobalSection
EndGlobal
